
Microsoft Visual Studio Solution File, Format Version 12.00
# Visual Studio 2015
Project("{FAE04EC0-301F-11D3-BF4B-00C04F79EFBC}") = "DaveVR.CSharp", "DaveVR.CSharp.csproj", "{03A6A193-FFAA-D063-2C18-3D0223A76D3F}"
EndProject
Project("{FAE04EC0-301F-11D3-BF4B-00C04F79EFBC}") = "DaveVR.CSharp.Editor", "DaveVR.CSharp.Editor.csproj", "{F5B06F3D-2D91-91B9-EA6D-C1523E16CC6C}"
EndProject
Global
	GlobalSection(SolutionConfigurationPlatforms) = preSolution
		Debug|Any CPU = Debug|Any CPU
		Release|Any CPU = Release|Any CPU
	EndGlobalSection
	GlobalSection(ProjectConfigurationPlatforms) = postSolution
		{03A6A193-FFAA-D063-2C18-3D0223A76D3F}.Debug|Any CPU.ActiveCfg = Debug|Any CPU
		{03A6A193-FFAA-D063-2C18-3D0223A76D3F}.Debug|Any CPU.Build.0 = Debug|Any CPU
		{03A6A193-FFAA-D063-2C18-3D0223A76D3F}.Release|Any CPU.ActiveCfg = Release|Any CPU
		{03A6A193-FFAA-D063-2C18-3D0223A76D3F}.Release|Any CPU.Build.0 = Release|Any CPU
		{F5B06F3D-2D91-91B9-EA6D-C1523E16CC6C}.Debug|Any CPU.ActiveCfg = Debug|Any CPU
		{F5B06F3D-2D91-91B9-EA6D-C1523E16CC6C}.Debug|Any CPU.Build.0 = Debug|Any CPU
		{F5B06F3D-2D91-91B9-EA6D-C1523E16CC6C}.Release|Any CPU.ActiveCfg = Release|Any CPU
		{F5B06F3D-2D91-91B9-EA6D-C1523E16CC6C}.Release|Any CPU.Build.0 = Release|Any CPU
	EndGlobalSection
	GlobalSection(SolutionProperties) = preSolution
		HideSolutionNode = FALSE
	EndGlobalSection
EndGlobal
